// !$*UTF8*$!
{
	archiveVersion = 1;
	classes = {
	};
	objectVersion = 56;
	objects = {

/* Begin PBXBuildFile section */
		E85AE3D12D09483C00CA9D0C /* Asset.swift in Sources */ = {isa = PBXBuildFile; fileRef = E85AE3D02D09483C00CA9D0C /* Asset.swift */; };
		E85AE3D32D0B77E200CA9D0C /* ExpenseView.swift in Sources */ = {isa = PBXBuildFile; fileRef = E85AE3D22D0B77E200CA9D0C /* ExpenseView.swift */; };
		E86CB3412D0D1CE100DE38FF /* ExpenseEntryView.swift in Sources */ = {isa = PBXBuildFile; fileRef = E86CB3402D0D1CE100DE38FF /* ExpenseEntryView.swift */; };
		E88164692D0F5D95005C572E /* MockDataPreview.swift in Sources */ = {isa = PBXBuildFile; fileRef = E88164682D0F5D86005C572E /* MockDataPreview.swift */; };
		E881646B2D0F90D4005C572E /* NavigationStore.swift in Sources */ = {isa = PBXBuildFile; fileRef = E881646A2D0F90D4005C572E /* NavigationStore.swift */; };
		E881646D2D0FB6F5005C572E /* ExpenseCategoryView.swift in Sources */ = {isa = PBXBuildFile; fileRef = E881646C2D0FB6D1005C572E /* ExpenseCategoryView.swift */; };
		E881646F2D109056005C572E /* ExpensePayeeView.swift in Sources */ = {isa = PBXBuildFile; fileRef = E881646E2D109050005C572E /* ExpensePayeeView.swift */; };
		E88164712D10BC3C005C572E /* ExpenseDateView.swift in Sources */ = {isa = PBXBuildFile; fileRef = E88164702D10BC35005C572E /* ExpenseDateView.swift */; };
		E88164732D11139E005C572E /* ModelUtilities.swift in Sources */ = {isa = PBXBuildFile; fileRef = E88164722D11138C005C572E /* ModelUtilities.swift */; };
		E88164752D111584005C572E /* MainUtilities.swift in Sources */ = {isa = PBXBuildFile; fileRef = E88164742D111581005C572E /* MainUtilities.swift */; };
		E88164772D112EE9005C572E /* AssetListView.swift in Sources */ = {isa = PBXBuildFile; fileRef = E88164762D112EDE005C572E /* AssetListView.swift */; };
		E88164792D113681005C572E /* AssetView.swift in Sources */ = {isa = PBXBuildFile; fileRef = E88164782D113679005C572E /* AssetView.swift */; };
		E881647B2D114AE3005C572E /* AssetEditView.swift in Sources */ = {isa = PBXBuildFile; fileRef = E881647A2D114ADA005C572E /* AssetEditView.swift */; };
		E881647D2D162CF1005C572E /* RevenueEditView.swift in Sources */ = {isa = PBXBuildFile; fileRef = E881647C2D162CE9005C572E /* RevenueEditView.swift */; };
		E881647F2D1630F5005C572E /* RevenueEntryView.swift in Sources */ = {isa = PBXBuildFile; fileRef = E881647E2D1630F5005C572E /* RevenueEntryView.swift */; };
		E88164812D163BD0005C572E /* RevenueListView.swift in Sources */ = {isa = PBXBuildFile; fileRef = E88164802D163BCA005C572E /* RevenueListView.swift */; };
		E88164832D163DE8005C572E /* RevenueView.swift in Sources */ = {isa = PBXBuildFile; fileRef = E88164822D163DE5005C572E /* RevenueView.swift */; };
		E88164852D164003005C572E /* RevenueDateView.swift in Sources */ = {isa = PBXBuildFile; fileRef = E88164842D163FFF005C572E /* RevenueDateView.swift */; };
		E88164892D164F3F005C572E /* RevenuePayerView.swift in Sources */ = {isa = PBXBuildFile; fileRef = E88164882D164F37005C572E /* RevenuePayerView.swift */; };
		E881648F2D174F77005C572E /* FinanceSummaryView.swift in Sources */ = {isa = PBXBuildFile; fileRef = E881648E2D174F66005C572E /* FinanceSummaryView.swift */; };
		E88164922D175936005C572E /* FinanceYearChart.swift in Sources */ = {isa = PBXBuildFile; fileRef = E88164912D17592B005C572E /* FinanceYearChart.swift */; };
		E88164942D1768A3005C572E /* FinanceData.swift in Sources */ = {isa = PBXBuildFile; fileRef = E88164932D176891005C572E /* FinanceData.swift */; };
		E88164962D1769C1005C572E /* FinanceMultiYearChart.swift in Sources */ = {isa = PBXBuildFile; fileRef = E88164952D1769AE005C572E /* FinanceMultiYearChart.swift */; };
		E88164982D176ED6005C572E /* FinanceMonthChart.swift in Sources */ = {isa = PBXBuildFile; fileRef = E88164972D176ED2005C572E /* FinanceMonthChart.swift */; };
		E88164A22D19B765005C572E /* BudgetCategory.swift in Sources */ = {isa = PBXBuildFile; fileRef = E88164A12D19B75D005C572E /* BudgetCategory.swift */; };
		E88164A42D19BDC1005C572E /* BudgetCategoryEditView.swift in Sources */ = {isa = PBXBuildFile; fileRef = E88164A32D19BDBA005C572E /* BudgetCategoryEditView.swift */; };
		E88769772CE3FF4600D989E1 /* Expense.swift in Sources */ = {isa = PBXBuildFile; fileRef = E88769762CE3FF4600D989E1 /* Expense.swift */; };
		E88769792CE3FF7400D989E1 /* Revenue.swift in Sources */ = {isa = PBXBuildFile; fileRef = E88769782CE3FF7400D989E1 /* Revenue.swift */; };
		E88769802CE7DD9D00D989E1 /* Price.swift in Sources */ = {isa = PBXBuildFile; fileRef = E887697F2CE7DD9D00D989E1 /* Price.swift */; };
		E88769862CE91E5800D989E1 /* ExpenseListView.swift in Sources */ = {isa = PBXBuildFile; fileRef = E88769852CE91E5800D989E1 /* ExpenseListView.swift */; };
		E887699B2CFA4CF800D989E1 /* CurrencyField.swift in Sources */ = {isa = PBXBuildFile; fileRef = E887699A2CFA4CF800D989E1 /* CurrencyField.swift */; };
		E8EB2A672CE063A7000E4B67 /* AegisTrackerApp.swift in Sources */ = {isa = PBXBuildFile; fileRef = E8EB2A662CE063A7000E4B67 /* AegisTrackerApp.swift */; };
		E8EB2A6D2CE063A9000E4B67 /* Assets.xcassets in Resources */ = {isa = PBXBuildFile; fileRef = E8EB2A6C2CE063A9000E4B67 /* Assets.xcassets */; };
		E8EB2A702CE063A9000E4B67 /* Preview Assets.xcassets in Resources */ = {isa = PBXBuildFile; fileRef = E8EB2A6F2CE063A9000E4B67 /* Preview Assets.xcassets */; };
		E8EB2A7A2CE063A9000E4B67 /* AegisTrackerTests.swift in Sources */ = {isa = PBXBuildFile; fileRef = E8EB2A792CE063A9000E4B67 /* AegisTrackerTests.swift */; };
		E8EB2A842CE063A9000E4B67 /* AegisTrackerUITests.swift in Sources */ = {isa = PBXBuildFile; fileRef = E8EB2A832CE063A9000E4B67 /* AegisTrackerUITests.swift */; };
		E8EB2A862CE063A9000E4B67 /* AegisTrackerUITestsLaunchTests.swift in Sources */ = {isa = PBXBuildFile; fileRef = E8EB2A852CE063A9000E4B67 /* AegisTrackerUITestsLaunchTests.swift */; };
		E8EB2A962CE06617000E4B67 /* Schema.swift in Sources */ = {isa = PBXBuildFile; fileRef = E8EB2A952CE06617000E4B67 /* Schema.swift */; };
		E8EB2A9B2CE1074F000E4B67 /* MainView.swift in Sources */ = {isa = PBXBuildFile; fileRef = E8EB2A9A2CE1074F000E4B67 /* MainView.swift */; };
		E8F863FD2D066E8600A3EBCC /* ExpenseEditView.swift in Sources */ = {isa = PBXBuildFile; fileRef = E8F863FC2D066E8600A3EBCC /* ExpenseEditView.swift */; };
/* End PBXBuildFile section */

/* Begin PBXContainerItemProxy section */
		E8EB2A762CE063A9000E4B67 /* PBXContainerItemProxy */ = {
			isa = PBXContainerItemProxy;
			containerPortal = E8EB2A5B2CE063A7000E4B67 /* Project object */;
			proxyType = 1;
			remoteGlobalIDString = E8EB2A622CE063A7000E4B67;
			remoteInfo = Aegis;
		};
		E8EB2A802CE063A9000E4B67 /* PBXContainerItemProxy */ = {
			isa = PBXContainerItemProxy;
			containerPortal = E8EB2A5B2CE063A7000E4B67 /* Project object */;
			proxyType = 1;
			remoteGlobalIDString = E8EB2A622CE063A7000E4B67;
			remoteInfo = Aegis;
		};
/* End PBXContainerItemProxy section */

/* Begin PBXFileReference section */
		E85AE3CE2D0808BE00CA9D0C /* AegisTracker.entitlements */ = {isa = PBXFileReference; lastKnownFileType = text.plist.entitlements; path = AegisTracker.entitlements; sourceTree = "<group>"; };
		E85AE3CF2D0808DE00CA9D0C /* Info.plist */ = {isa = PBXFileReference; lastKnownFileType = text.plist; path = Info.plist; sourceTree = "<group>"; };
		E85AE3D02D09483C00CA9D0C /* Asset.swift */ = {isa = PBXFileReference; lastKnownFileType = sourcecode.swift; path = Asset.swift; sourceTree = "<group>"; };
		E85AE3D22D0B77E200CA9D0C /* ExpenseView.swift */ = {isa = PBXFileReference; lastKnownFileType = sourcecode.swift; path = ExpenseView.swift; sourceTree = "<group>"; };
		E86CB3402D0D1CE100DE38FF /* ExpenseEntryView.swift */ = {isa = PBXFileReference; lastKnownFileType = sourcecode.swift; path = ExpenseEntryView.swift; sourceTree = "<group>"; };
		E88164682D0F5D86005C572E /* MockDataPreview.swift */ = {isa = PBXFileReference; lastKnownFileType = sourcecode.swift; path = MockDataPreview.swift; sourceTree = "<group>"; };
		E881646A2D0F90D4005C572E /* NavigationStore.swift */ = {isa = PBXFileReference; lastKnownFileType = sourcecode.swift; path = NavigationStore.swift; sourceTree = "<group>"; };
		E881646C2D0FB6D1005C572E /* ExpenseCategoryView.swift */ = {isa = PBXFileReference; lastKnownFileType = sourcecode.swift; path = ExpenseCategoryView.swift; sourceTree = "<group>"; };
		E881646E2D109050005C572E /* ExpensePayeeView.swift */ = {isa = PBXFileReference; lastKnownFileType = sourcecode.swift; path = ExpensePayeeView.swift; sourceTree = "<group>"; };
		E88164702D10BC35005C572E /* ExpenseDateView.swift */ = {isa = PBXFileReference; lastKnownFileType = sourcecode.swift; path = ExpenseDateView.swift; sourceTree = "<group>"; };
		E88164722D11138C005C572E /* ModelUtilities.swift */ = {isa = PBXFileReference; lastKnownFileType = sourcecode.swift; path = ModelUtilities.swift; sourceTree = "<group>"; };
		E88164742D111581005C572E /* MainUtilities.swift */ = {isa = PBXFileReference; lastKnownFileType = sourcecode.swift; path = MainUtilities.swift; sourceTree = "<group>"; };
		E88164762D112EDE005C572E /* AssetListView.swift */ = {isa = PBXFileReference; lastKnownFileType = sourcecode.swift; path = AssetListView.swift; sourceTree = "<group>"; };
		E88164782D113679005C572E /* AssetView.swift */ = {isa = PBXFileReference; lastKnownFileType = sourcecode.swift; path = AssetView.swift; sourceTree = "<group>"; };
		E881647A2D114ADA005C572E /* AssetEditView.swift */ = {isa = PBXFileReference; lastKnownFileType = sourcecode.swift; path = AssetEditView.swift; sourceTree = "<group>"; };
		E881647C2D162CE9005C572E /* RevenueEditView.swift */ = {isa = PBXFileReference; lastKnownFileType = sourcecode.swift; path = RevenueEditView.swift; sourceTree = "<group>"; };
		E881647E2D1630F5005C572E /* RevenueEntryView.swift */ = {isa = PBXFileReference; lastKnownFileType = sourcecode.swift; path = RevenueEntryView.swift; sourceTree = "<group>"; };
		E88164802D163BCA005C572E /* RevenueListView.swift */ = {isa = PBXFileReference; lastKnownFileType = sourcecode.swift; path = RevenueListView.swift; sourceTree = "<group>"; };
		E88164822D163DE5005C572E /* RevenueView.swift */ = {isa = PBXFileReference; lastKnownFileType = sourcecode.swift; path = RevenueView.swift; sourceTree = "<group>"; };
		E88164842D163FFF005C572E /* RevenueDateView.swift */ = {isa = PBXFileReference; lastKnownFileType = sourcecode.swift; path = RevenueDateView.swift; sourceTree = "<group>"; };
		E88164882D164F37005C572E /* RevenuePayerView.swift */ = {isa = PBXFileReference; lastKnownFileType = sourcecode.swift; path = RevenuePayerView.swift; sourceTree = "<group>"; };
		E881648E2D174F66005C572E /* FinanceSummaryView.swift */ = {isa = PBXFileReference; lastKnownFileType = sourcecode.swift; path = FinanceSummaryView.swift; sourceTree = "<group>"; };
		E88164912D17592B005C572E /* FinanceYearChart.swift */ = {isa = PBXFileReference; lastKnownFileType = sourcecode.swift; path = FinanceYearChart.swift; sourceTree = "<group>"; };
		E88164932D176891005C572E /* FinanceData.swift */ = {isa = PBXFileReference; lastKnownFileType = sourcecode.swift; path = FinanceData.swift; sourceTree = "<group>"; };
		E88164952D1769AE005C572E /* FinanceMultiYearChart.swift */ = {isa = PBXFileReference; lastKnownFileType = sourcecode.swift; path = FinanceMultiYearChart.swift; sourceTree = "<group>"; };
		E88164972D176ED2005C572E /* FinanceMonthChart.swift */ = {isa = PBXFileReference; lastKnownFileType = sourcecode.swift; path = FinanceMonthChart.swift; sourceTree = "<group>"; };
		E88164A12D19B75D005C572E /* BudgetCategory.swift */ = {isa = PBXFileReference; lastKnownFileType = sourcecode.swift; path = BudgetCategory.swift; sourceTree = "<group>"; };
		E88164A32D19BDBA005C572E /* BudgetCategoryEditView.swift */ = {isa = PBXFileReference; lastKnownFileType = sourcecode.swift; path = BudgetCategoryEditView.swift; sourceTree = "<group>"; };
		E88769762CE3FF4600D989E1 /* Expense.swift */ = {isa = PBXFileReference; lastKnownFileType = sourcecode.swift; path = Expense.swift; sourceTree = "<group>"; };
		E88769782CE3FF7400D989E1 /* Revenue.swift */ = {isa = PBXFileReference; lastKnownFileType = sourcecode.swift; path = Revenue.swift; sourceTree = "<group>"; };
		E887697E2CE6881600D989E1 /* README.md */ = {isa = PBXFileReference; lastKnownFileType = net.daringfireball.markdown; path = README.md; sourceTree = "<group>"; };
		E887697F2CE7DD9D00D989E1 /* Price.swift */ = {isa = PBXFileReference; lastKnownFileType = sourcecode.swift; path = Price.swift; sourceTree = "<group>"; };
		E88769852CE91E5800D989E1 /* ExpenseListView.swift */ = {isa = PBXFileReference; lastKnownFileType = sourcecode.swift; path = ExpenseListView.swift; sourceTree = "<group>"; };
		E887699A2CFA4CF800D989E1 /* CurrencyField.swift */ = {isa = PBXFileReference; lastKnownFileType = sourcecode.swift; path = CurrencyField.swift; sourceTree = "<group>"; };
		E8EB2A632CE063A7000E4B67 /* AegisTracker.app */ = {isa = PBXFileReference; explicitFileType = wrapper.application; includeInIndex = 0; path = AegisTracker.app; sourceTree = BUILT_PRODUCTS_DIR; };
		E8EB2A662CE063A7000E4B67 /* AegisTrackerApp.swift */ = {isa = PBXFileReference; lastKnownFileType = sourcecode.swift; path = AegisTrackerApp.swift; sourceTree = "<group>"; };
		E8EB2A6C2CE063A9000E4B67 /* Assets.xcassets */ = {isa = PBXFileReference; lastKnownFileType = folder.assetcatalog; path = Assets.xcassets; sourceTree = "<group>"; };
		E8EB2A6F2CE063A9000E4B67 /* Preview Assets.xcassets */ = {isa = PBXFileReference; lastKnownFileType = folder.assetcatalog; path = "Preview Assets.xcassets"; sourceTree = "<group>"; };
		E8EB2A752CE063A9000E4B67 /* AegisTrackerTests.xctest */ = {isa = PBXFileReference; explicitFileType = wrapper.cfbundle; includeInIndex = 0; path = AegisTrackerTests.xctest; sourceTree = BUILT_PRODUCTS_DIR; };
		E8EB2A792CE063A9000E4B67 /* AegisTrackerTests.swift */ = {isa = PBXFileReference; lastKnownFileType = sourcecode.swift; path = AegisTrackerTests.swift; sourceTree = "<group>"; };
		E8EB2A7F2CE063A9000E4B67 /* AegisTrackerUITests.xctest */ = {isa = PBXFileReference; explicitFileType = wrapper.cfbundle; includeInIndex = 0; path = AegisTrackerUITests.xctest; sourceTree = BUILT_PRODUCTS_DIR; };
		E8EB2A832CE063A9000E4B67 /* AegisTrackerUITests.swift */ = {isa = PBXFileReference; lastKnownFileType = sourcecode.swift; path = AegisTrackerUITests.swift; sourceTree = "<group>"; };
		E8EB2A852CE063A9000E4B67 /* AegisTrackerUITestsLaunchTests.swift */ = {isa = PBXFileReference; lastKnownFileType = sourcecode.swift; path = AegisTrackerUITestsLaunchTests.swift; sourceTree = "<group>"; };
		E8EB2A952CE06617000E4B67 /* Schema.swift */ = {isa = PBXFileReference; lastKnownFileType = sourcecode.swift; path = Schema.swift; sourceTree = "<group>"; };
		E8EB2A9A2CE1074F000E4B67 /* MainView.swift */ = {isa = PBXFileReference; lastKnownFileType = sourcecode.swift; path = MainView.swift; sourceTree = "<group>"; };
		E8F863FC2D066E8600A3EBCC /* ExpenseEditView.swift */ = {isa = PBXFileReference; lastKnownFileType = sourcecode.swift; path = ExpenseEditView.swift; sourceTree = "<group>"; };
/* End PBXFileReference section */

/* Begin PBXFrameworksBuildPhase section */
		E8EB2A602CE063A7000E4B67 /* Frameworks */ = {
			isa = PBXFrameworksBuildPhase;
			buildActionMask = 2147483647;
			files = (
			);
			runOnlyForDeploymentPostprocessing = 0;
		};
		E8EB2A722CE063A9000E4B67 /* Frameworks */ = {
			isa = PBXFrameworksBuildPhase;
			buildActionMask = 2147483647;
			files = (
			);
			runOnlyForDeploymentPostprocessing = 0;
		};
		E8EB2A7C2CE063A9000E4B67 /* Frameworks */ = {
			isa = PBXFrameworksBuildPhase;
			buildActionMask = 2147483647;
			files = (
			);
			runOnlyForDeploymentPostprocessing = 0;
		};
/* End PBXFrameworksBuildPhase section */

/* Begin PBXGroup section */
		E88164902D175921005C572E /* Chart */ = {
			isa = PBXGroup;
			children = (
				E88164932D176891005C572E /* FinanceData.swift */,
				E88164952D1769AE005C572E /* FinanceMultiYearChart.swift */,
				E88164912D17592B005C572E /* FinanceYearChart.swift */,
				E88164972D176ED2005C572E /* FinanceMonthChart.swift */,
			);
			path = Chart;
			sourceTree = "<group>";
		};
		E88769722CE1881A00D989E1 /* V1 */ = {
			isa = PBXGroup;
			children = (
				E88769762CE3FF4600D989E1 /* Expense.swift */,
				E88769782CE3FF7400D989E1 /* Revenue.swift */,
				E85AE3D02D09483C00CA9D0C /* Asset.swift */,
				E88164A12D19B75D005C572E /* BudgetCategory.swift */,
			);
			path = V1;
			sourceTree = "<group>";
		};
		E88769992CFA4CE300D989E1 /* UI */ = {
			isa = PBXGroup;
			children = (
				E887699A2CFA4CF800D989E1 /* CurrencyField.swift */,
			);
			path = UI;
			sourceTree = "<group>";
		};
		E8EB2A5A2CE063A7000E4B67 = {
			isa = PBXGroup;
			children = (
				E887697E2CE6881600D989E1 /* README.md */,
				E8EB2A652CE063A7000E4B67 /* AegisTracker */,
				E8EB2A782CE063A9000E4B67 /* AegisTrackerTests */,
				E8EB2A822CE063A9000E4B67 /* AegisTrackerUITests */,
				E8EB2A642CE063A7000E4B67 /* Products */,
			);
			sourceTree = "<group>";
		};
		E8EB2A642CE063A7000E4B67 /* Products */ = {
			isa = PBXGroup;
			children = (
				E8EB2A632CE063A7000E4B67 /* AegisTracker.app */,
				E8EB2A752CE063A9000E4B67 /* AegisTrackerTests.xctest */,
				E8EB2A7F2CE063A9000E4B67 /* AegisTrackerUITests.xctest */,
			);
			name = Products;
			sourceTree = "<group>";
		};
		E8EB2A652CE063A7000E4B67 /* AegisTracker */ = {
			isa = PBXGroup;
			children = (
				E85AE3CF2D0808DE00CA9D0C /* Info.plist */,
				E85AE3CE2D0808BE00CA9D0C /* AegisTracker.entitlements */,
				E8EB2A662CE063A7000E4B67 /* AegisTrackerApp.swift */,
				E881646A2D0F90D4005C572E /* NavigationStore.swift */,
				E88164682D0F5D86005C572E /* MockDataPreview.swift */,
				E8EB2A922CE06478000E4B67 /* Model */,
				E8EB2A972CE10630000E4B67 /* View */,
				E88769992CFA4CE300D989E1 /* UI */,
				E8EB2A6C2CE063A9000E4B67 /* Assets.xcassets */,
				E8EB2A6E2CE063A9000E4B67 /* Preview Content */,
			);
			path = AegisTracker;
			sourceTree = "<group>";
		};
		E8EB2A6E2CE063A9000E4B67 /* Preview Content */ = {
			isa = PBXGroup;
			children = (
				E8EB2A6F2CE063A9000E4B67 /* Preview Assets.xcassets */,
			);
			path = "Preview Content";
			sourceTree = "<group>";
		};
		E8EB2A782CE063A9000E4B67 /* AegisTrackerTests */ = {
			isa = PBXGroup;
			children = (
				E8EB2A792CE063A9000E4B67 /* AegisTrackerTests.swift */,
			);
			path = AegisTrackerTests;
			sourceTree = "<group>";
		};
		E8EB2A822CE063A9000E4B67 /* AegisTrackerUITests */ = {
			isa = PBXGroup;
			children = (
				E8EB2A832CE063A9000E4B67 /* AegisTrackerUITests.swift */,
				E8EB2A852CE063A9000E4B67 /* AegisTrackerUITestsLaunchTests.swift */,
			);
			path = AegisTrackerUITests;
			sourceTree = "<group>";
		};
		E8EB2A922CE06478000E4B67 /* Model */ = {
			isa = PBXGroup;
			children = (
				E8EB2A952CE06617000E4B67 /* Schema.swift */,
				E887697F2CE7DD9D00D989E1 /* Price.swift */,
				E88769722CE1881A00D989E1 /* V1 */,
			);
			path = Model;
			sourceTree = "<group>";
		};
		E8EB2A972CE10630000E4B67 /* View */ = {
			isa = PBXGroup;
			children = (
				E88164902D175921005C572E /* Chart */,
				E88164742D111581005C572E /* MainUtilities.swift */,
				E88164722D11138C005C572E /* ModelUtilities.swift */,
				E8EB2A9A2CE1074F000E4B67 /* MainView.swift */,
				E881648E2D174F66005C572E /* FinanceSummaryView.swift */,
				E88164A32D19BDBA005C572E /* BudgetCategoryEditView.swift */,
				E881646C2D0FB6D1005C572E /* ExpenseCategoryView.swift */,
				E88164702D10BC35005C572E /* ExpenseDateView.swift */,
				E881646E2D109050005C572E /* ExpensePayeeView.swift */,
				E85AE3D22D0B77E200CA9D0C /* ExpenseView.swift */,
				E88769852CE91E5800D989E1 /* ExpenseListView.swift */,
				E86CB3402D0D1CE100DE38FF /* ExpenseEntryView.swift */,
				E8F863FC2D066E8600A3EBCC /* ExpenseEditView.swift */,
				E88164842D163FFF005C572E /* RevenueDateView.swift */,
				E88164882D164F37005C572E /* RevenuePayerView.swift */,
				E88164822D163DE5005C572E /* RevenueView.swift */,
				E88164802D163BCA005C572E /* RevenueListView.swift */,
				E881647E2D1630F5005C572E /* RevenueEntryView.swift */,
				E881647C2D162CE9005C572E /* RevenueEditView.swift */,
				E88164762D112EDE005C572E /* AssetListView.swift */,
				E88164782D113679005C572E /* AssetView.swift */,
				E881647A2D114ADA005C572E /* AssetEditView.swift */,
			);
			path = View;
			sourceTree = "<group>";
		};
/* End PBXGroup section */

/* Begin PBXNativeTarget section */
		E8EB2A622CE063A7000E4B67 /* AegisTracker */ = {
			isa = PBXNativeTarget;
			buildConfigurationList = E8EB2A892CE063A9000E4B67 /* Build configuration list for PBXNativeTarget "AegisTracker" */;
			buildPhases = (
				E8EB2A5F2CE063A7000E4B67 /* Sources */,
				E8EB2A602CE063A7000E4B67 /* Frameworks */,
				E8EB2A612CE063A7000E4B67 /* Resources */,
			);
			buildRules = (
			);
			dependencies = (
			);
			name = AegisTracker;
			productName = Aegis;
			productReference = E8EB2A632CE063A7000E4B67 /* AegisTracker.app */;
			productType = "com.apple.product-type.application";
		};
		E8EB2A742CE063A9000E4B67 /* AegisTrackerTests */ = {
			isa = PBXNativeTarget;
			buildConfigurationList = E8EB2A8C2CE063A9000E4B67 /* Build configuration list for PBXNativeTarget "AegisTrackerTests" */;
			buildPhases = (
				E8EB2A712CE063A9000E4B67 /* Sources */,
				E8EB2A722CE063A9000E4B67 /* Frameworks */,
				E8EB2A732CE063A9000E4B67 /* Resources */,
			);
			buildRules = (
			);
			dependencies = (
				E8EB2A772CE063A9000E4B67 /* PBXTargetDependency */,
			);
			name = AegisTrackerTests;
			productName = AegisTests;
			productReference = E8EB2A752CE063A9000E4B67 /* AegisTrackerTests.xctest */;
			productType = "com.apple.product-type.bundle.unit-test";
		};
		E8EB2A7E2CE063A9000E4B67 /* AegisTrackerUITests */ = {
			isa = PBXNativeTarget;
			buildConfigurationList = E8EB2A8F2CE063A9000E4B67 /* Build configuration list for PBXNativeTarget "AegisTrackerUITests" */;
			buildPhases = (
				E8EB2A7B2CE063A9000E4B67 /* Sources */,
				E8EB2A7C2CE063A9000E4B67 /* Frameworks */,
				E8EB2A7D2CE063A9000E4B67 /* Resources */,
			);
			buildRules = (
			);
			dependencies = (
				E8EB2A812CE063A9000E4B67 /* PBXTargetDependency */,
			);
			name = AegisTrackerUITests;
			productName = AegisUITests;
			productReference = E8EB2A7F2CE063A9000E4B67 /* AegisTrackerUITests.xctest */;
			productType = "com.apple.product-type.bundle.ui-testing";
		};
/* End PBXNativeTarget section */

/* Begin PBXProject section */
		E8EB2A5B2CE063A7000E4B67 /* Project object */ = {
			isa = PBXProject;
			attributes = {
				BuildIndependentTargetsInParallel = 1;
				LastSwiftUpdateCheck = 1540;
				LastUpgradeCheck = 1620;
				TargetAttributes = {
					E8EB2A622CE063A7000E4B67 = {
						CreatedOnToolsVersion = 15.4;
					};
					E8EB2A742CE063A9000E4B67 = {
						CreatedOnToolsVersion = 15.4;
						TestTargetID = E8EB2A622CE063A7000E4B67;
					};
					E8EB2A7E2CE063A9000E4B67 = {
						CreatedOnToolsVersion = 15.4;
						TestTargetID = E8EB2A622CE063A7000E4B67;
					};
				};
			};
			buildConfigurationList = E8EB2A5E2CE063A7000E4B67 /* Build configuration list for PBXProject "AegisTracker" */;
			compatibilityVersion = "Xcode 14.0";
			developmentRegion = en;
			hasScannedForEncodings = 0;
			knownRegions = (
				en,
				Base,
			);
			mainGroup = E8EB2A5A2CE063A7000E4B67;
			productRefGroup = E8EB2A642CE063A7000E4B67 /* Products */;
			projectDirPath = "";
			projectRoot = "";
			targets = (
				E8EB2A622CE063A7000E4B67 /* AegisTracker */,
				E8EB2A742CE063A9000E4B67 /* AegisTrackerTests */,
				E8EB2A7E2CE063A9000E4B67 /* AegisTrackerUITests */,
			);
		};
/* End PBXProject section */

/* Begin PBXResourcesBuildPhase section */
		E8EB2A612CE063A7000E4B67 /* Resources */ = {
			isa = PBXResourcesBuildPhase;
			buildActionMask = 2147483647;
			files = (
				E8EB2A702CE063A9000E4B67 /* Preview Assets.xcassets in Resources */,
				E8EB2A6D2CE063A9000E4B67 /* Assets.xcassets in Resources */,
			);
			runOnlyForDeploymentPostprocessing = 0;
		};
		E8EB2A732CE063A9000E4B67 /* Resources */ = {
			isa = PBXResourcesBuildPhase;
			buildActionMask = 2147483647;
			files = (
			);
			runOnlyForDeploymentPostprocessing = 0;
		};
		E8EB2A7D2CE063A9000E4B67 /* Resources */ = {
			isa = PBXResourcesBuildPhase;
			buildActionMask = 2147483647;
			files = (
			);
			runOnlyForDeploymentPostprocessing = 0;
		};
/* End PBXResourcesBuildPhase section */

/* Begin PBXSourcesBuildPhase section */
		E8EB2A5F2CE063A7000E4B67 /* Sources */ = {
			isa = PBXSourcesBuildPhase;
			buildActionMask = 2147483647;
			files = (
				E88164712D10BC3C005C572E /* ExpenseDateView.swift in Sources */,
				E881646F2D109056005C572E /* ExpensePayeeView.swift in Sources */,
				E88769772CE3FF4600D989E1 /* Expense.swift in Sources */,
				E88164982D176ED6005C572E /* FinanceMonthChart.swift in Sources */,
				E88164A42D19BDC1005C572E /* BudgetCategoryEditView.swift in Sources */,
				E85AE3D12D09483C00CA9D0C /* Asset.swift in Sources */,
				E88769792CE3FF7400D989E1 /* Revenue.swift in Sources */,
				E881646D2D0FB6F5005C572E /* ExpenseCategoryView.swift in Sources */,
				E8EB2A672CE063A7000E4B67 /* AegisTrackerApp.swift in Sources */,
				E88164792D113681005C572E /* AssetView.swift in Sources */,
				E88164732D11139E005C572E /* ModelUtilities.swift in Sources */,
				E881646B2D0F90D4005C572E /* NavigationStore.swift in Sources */,
				E881647B2D114AE3005C572E /* AssetEditView.swift in Sources */,
				E881647D2D162CF1005C572E /* RevenueEditView.swift in Sources */,
				E88164772D112EE9005C572E /* AssetListView.swift in Sources */,
				E88164832D163DE8005C572E /* RevenueView.swift in Sources */,
				E88769862CE91E5800D989E1 /* ExpenseListView.swift in Sources */,
				E88164752D111584005C572E /* MainUtilities.swift in Sources */,
				E86CB3412D0D1CE100DE38FF /* ExpenseEntryView.swift in Sources */,
				E88164812D163BD0005C572E /* RevenueListView.swift in Sources */,
				E88164922D175936005C572E /* FinanceYearChart.swift in Sources */,
				E8EB2A9B2CE1074F000E4B67 /* MainView.swift in Sources */,
				E85AE3D32D0B77E200CA9D0C /* ExpenseView.swift in Sources */,
				E88164892D164F3F005C572E /* RevenuePayerView.swift in Sources */,
				E881647F2D1630F5005C572E /* RevenueEntryView.swift in Sources */,
				E88769802CE7DD9D00D989E1 /* Price.swift in Sources */,
				E88164962D1769C1005C572E /* FinanceMultiYearChart.swift in Sources */,
				E88164692D0F5D95005C572E /* MockDataPreview.swift in Sources */,
				E881648F2D174F77005C572E /* FinanceSummaryView.swift in Sources */,
				E88164A22D19B765005C572E /* BudgetCategory.swift in Sources */,
				E8EB2A962CE06617000E4B67 /* Schema.swift in Sources */,
				E88164942D1768A3005C572E /* FinanceData.swift in Sources */,
				E887699B2CFA4CF800D989E1 /* CurrencyField.swift in Sources */,
				E8F863FD2D066E8600A3EBCC /* ExpenseEditView.swift in Sources */,
				E88164852D164003005C572E /* RevenueDateView.swift in Sources */,
			);
			runOnlyForDeploymentPostprocessing = 0;
		};
		E8EB2A712CE063A9000E4B67 /* Sources */ = {
			isa = PBXSourcesBuildPhase;
			buildActionMask = 2147483647;
			files = (
				E8EB2A7A2CE063A9000E4B67 /* AegisTrackerTests.swift in Sources */,
			);
			runOnlyForDeploymentPostprocessing = 0;
		};
		E8EB2A7B2CE063A9000E4B67 /* Sources */ = {
			isa = PBXSourcesBuildPhase;
			buildActionMask = 2147483647;
			files = (
				E8EB2A862CE063A9000E4B67 /* AegisTrackerUITestsLaunchTests.swift in Sources */,
				E8EB2A842CE063A9000E4B67 /* AegisTrackerUITests.swift in Sources */,
			);
			runOnlyForDeploymentPostprocessing = 0;
		};
/* End PBXSourcesBuildPhase section */

/* Begin PBXTargetDependency section */
		E8EB2A772CE063A9000E4B67 /* PBXTargetDependency */ = {
			isa = PBXTargetDependency;
			target = E8EB2A622CE063A7000E4B67 /* AegisTracker */;
			targetProxy = E8EB2A762CE063A9000E4B67 /* PBXContainerItemProxy */;
		};
		E8EB2A812CE063A9000E4B67 /* PBXTargetDependency */ = {
			isa = PBXTargetDependency;
			target = E8EB2A622CE063A7000E4B67 /* AegisTracker */;
			targetProxy = E8EB2A802CE063A9000E4B67 /* PBXContainerItemProxy */;
		};
/* End PBXTargetDependency section */

/* Begin XCBuildConfiguration section */
		E8EB2A872CE063A9000E4B67 /* Debug */ = {
			isa = XCBuildConfiguration;
			buildSettings = {
				ALWAYS_SEARCH_USER_PATHS = NO;
				ASSETCATALOG_COMPILER_GENERATE_SWIFT_ASSET_SYMBOL_EXTENSIONS = YES;
				CLANG_ANALYZER_NONNULL = YES;
				CLANG_ANALYZER_NUMBER_OBJECT_CONVERSION = YES_AGGRESSIVE;
				CLANG_CXX_LANGUAGE_STANDARD = "gnu++20";
				CLANG_ENABLE_MODULES = YES;
				CLANG_ENABLE_OBJC_ARC = YES;
				CLANG_ENABLE_OBJC_WEAK = YES;
				CLANG_WARN_BLOCK_CAPTURE_AUTORELEASING = YES;
				CLANG_WARN_BOOL_CONVERSION = YES;
				CLANG_WARN_COMMA = YES;
				CLANG_WARN_CONSTANT_CONVERSION = YES;
				CLANG_WARN_DEPRECATED_OBJC_IMPLEMENTATIONS = YES;
				CLANG_WARN_DIRECT_OBJC_ISA_USAGE = YES_ERROR;
				CLANG_WARN_DOCUMENTATION_COMMENTS = YES;
				CLANG_WARN_EMPTY_BODY = YES;
				CLANG_WARN_ENUM_CONVERSION = YES;
				CLANG_WARN_INFINITE_RECURSION = YES;
				CLANG_WARN_INT_CONVERSION = YES;
				CLANG_WARN_NON_LITERAL_NULL_CONVERSION = YES;
				CLANG_WARN_OBJC_IMPLICIT_RETAIN_SELF = YES;
				CLANG_WARN_OBJC_LITERAL_CONVERSION = YES;
				CLANG_WARN_OBJC_ROOT_CLASS = YES_ERROR;
				CLANG_WARN_QUOTED_INCLUDE_IN_FRAMEWORK_HEADER = YES;
				CLANG_WARN_RANGE_LOOP_ANALYSIS = YES;
				CLANG_WARN_STRICT_PROTOTYPES = YES;
				CLANG_WARN_SUSPICIOUS_MOVE = YES;
				CLANG_WARN_UNGUARDED_AVAILABILITY = YES_AGGRESSIVE;
				CLANG_WARN_UNREACHABLE_CODE = YES;
				CLANG_WARN__DUPLICATE_METHOD_MATCH = YES;
				COPY_PHASE_STRIP = NO;
				DEBUG_INFORMATION_FORMAT = dwarf;
				ENABLE_STRICT_OBJC_MSGSEND = YES;
				ENABLE_TESTABILITY = YES;
				ENABLE_USER_SCRIPT_SANDBOXING = YES;
				GCC_C_LANGUAGE_STANDARD = gnu17;
				GCC_DYNAMIC_NO_PIC = NO;
				GCC_NO_COMMON_BLOCKS = YES;
				GCC_OPTIMIZATION_LEVEL = 0;
				GCC_PREPROCESSOR_DEFINITIONS = (
					"DEBUG=1",
					"$(inherited)",
				);
				GCC_WARN_64_TO_32_BIT_CONVERSION = YES;
				GCC_WARN_ABOUT_RETURN_TYPE = YES_ERROR;
				GCC_WARN_UNDECLARED_SELECTOR = YES;
				GCC_WARN_UNINITIALIZED_AUTOS = YES_AGGRESSIVE;
				GCC_WARN_UNUSED_FUNCTION = YES;
				GCC_WARN_UNUSED_VARIABLE = YES;
				IPHONEOS_DEPLOYMENT_TARGET = 18.0;
				LOCALIZATION_PREFERS_STRING_CATALOGS = YES;
				MTL_ENABLE_DEBUG_INFO = INCLUDE_SOURCE;
				MTL_FAST_MATH = YES;
				ONLY_ACTIVE_ARCH = YES;
				SDKROOT = iphoneos;
				SWIFT_ACTIVE_COMPILATION_CONDITIONS = "DEBUG $(inherited)";
				SWIFT_OPTIMIZATION_LEVEL = "-Onone";
				SWIFT_STRICT_CONCURRENCY = complete;
			};
			name = Debug;
		};
		E8EB2A882CE063A9000E4B67 /* Release */ = {
			isa = XCBuildConfiguration;
			buildSettings = {
				ALWAYS_SEARCH_USER_PATHS = NO;
				ASSETCATALOG_COMPILER_GENERATE_SWIFT_ASSET_SYMBOL_EXTENSIONS = YES;
				CLANG_ANALYZER_NONNULL = YES;
				CLANG_ANALYZER_NUMBER_OBJECT_CONVERSION = YES_AGGRESSIVE;
				CLANG_CXX_LANGUAGE_STANDARD = "gnu++20";
				CLANG_ENABLE_MODULES = YES;
				CLANG_ENABLE_OBJC_ARC = YES;
				CLANG_ENABLE_OBJC_WEAK = YES;
				CLANG_WARN_BLOCK_CAPTURE_AUTORELEASING = YES;
				CLANG_WARN_BOOL_CONVERSION = YES;
				CLANG_WARN_COMMA = YES;
				CLANG_WARN_CONSTANT_CONVERSION = YES;
				CLANG_WARN_DEPRECATED_OBJC_IMPLEMENTATIONS = YES;
				CLANG_WARN_DIRECT_OBJC_ISA_USAGE = YES_ERROR;
				CLANG_WARN_DOCUMENTATION_COMMENTS = YES;
				CLANG_WARN_EMPTY_BODY = YES;
				CLANG_WARN_ENUM_CONVERSION = YES;
				CLANG_WARN_INFINITE_RECURSION = YES;
				CLANG_WARN_INT_CONVERSION = YES;
				CLANG_WARN_NON_LITERAL_NULL_CONVERSION = YES;
				CLANG_WARN_OBJC_IMPLICIT_RETAIN_SELF = YES;
				CLANG_WARN_OBJC_LITERAL_CONVERSION = YES;
				CLANG_WARN_OBJC_ROOT_CLASS = YES_ERROR;
				CLANG_WARN_QUOTED_INCLUDE_IN_FRAMEWORK_HEADER = YES;
				CLANG_WARN_RANGE_LOOP_ANALYSIS = YES;
				CLANG_WARN_STRICT_PROTOTYPES = YES;
				CLANG_WARN_SUSPICIOUS_MOVE = YES;
				CLANG_WARN_UNGUARDED_AVAILABILITY = YES_AGGRESSIVE;
				CLANG_WARN_UNREACHABLE_CODE = YES;
				CLANG_WARN__DUPLICATE_METHOD_MATCH = YES;
				COPY_PHASE_STRIP = NO;
				DEBUG_INFORMATION_FORMAT = "dwarf-with-dsym";
				ENABLE_NS_ASSERTIONS = NO;
				ENABLE_STRICT_OBJC_MSGSEND = YES;
				ENABLE_USER_SCRIPT_SANDBOXING = YES;
				GCC_C_LANGUAGE_STANDARD = gnu17;
				GCC_NO_COMMON_BLOCKS = YES;
				GCC_WARN_64_TO_32_BIT_CONVERSION = YES;
				GCC_WARN_ABOUT_RETURN_TYPE = YES_ERROR;
				GCC_WARN_UNDECLARED_SELECTOR = YES;
				GCC_WARN_UNINITIALIZED_AUTOS = YES_AGGRESSIVE;
				GCC_WARN_UNUSED_FUNCTION = YES;
				GCC_WARN_UNUSED_VARIABLE = YES;
				IPHONEOS_DEPLOYMENT_TARGET = 18.0;
				LOCALIZATION_PREFERS_STRING_CATALOGS = YES;
				MTL_ENABLE_DEBUG_INFO = NO;
				MTL_FAST_MATH = YES;
				SDKROOT = iphoneos;
				SWIFT_COMPILATION_MODE = wholemodule;
				SWIFT_STRICT_CONCURRENCY = complete;
				VALIDATE_PRODUCT = YES;
			};
			name = Release;
		};
		E8EB2A8A2CE063A9000E4B67 /* Debug */ = {
			isa = XCBuildConfiguration;
			buildSettings = {
				ASSETCATALOG_COMPILER_APPICON_NAME = AppIcon;
				ASSETCATALOG_COMPILER_GLOBAL_ACCENT_COLOR_NAME = AccentColor;
				CODE_SIGN_ENTITLEMENTS = AegisTracker/AegisTracker.entitlements;
				CODE_SIGN_IDENTITY = "Apple Development";
				CODE_SIGN_STYLE = Automatic;
				CURRENT_PROJECT_VERSION = 1;
				DEVELOPMENT_ASSET_PATHS = "\"AegisTracker/Preview Content\"";
				DEVELOPMENT_TEAM = FU2B76F7PF;
				ENABLE_PREVIEWS = YES;
				GENERATE_INFOPLIST_FILE = YES;
				INFOPLIST_FILE = AegisTracker/Info.plist;
				INFOPLIST_KEY_CFBundleDisplayName = Aegis;
				INFOPLIST_KEY_LSApplicationCategoryType = "public.app-category.finance";
				INFOPLIST_KEY_UIApplicationSceneManifest_Generation = YES;
				INFOPLIST_KEY_UIApplicationSupportsIndirectInputEvents = YES;
				INFOPLIST_KEY_UILaunchScreen_Generation = YES;
				INFOPLIST_KEY_UISupportedInterfaceOrientations = UIInterfaceOrientationPortrait;
				INFOPLIST_KEY_UISupportedInterfaceOrientations_iPad = "UIInterfaceOrientationLandscapeLeft UIInterfaceOrientationLandscapeRight UIInterfaceOrientationPortrait UIInterfaceOrientationPortraitUpsideDown";
				IPHONEOS_DEPLOYMENT_TARGET = 18.0;
				LD_RUNPATH_SEARCH_PATHS = (
					"$(inherited)",
					"@executable_path/Frameworks",
				);
				MARKETING_VERSION = 0.1.0;
				PRODUCT_BUNDLE_IDENTIFIER = com.wassynger.AegisTracker;
				PRODUCT_NAME = "$(TARGET_NAME)";
				PROVISIONING_PROFILE_SPECIFIER = "";
				SWIFT_EMIT_LOC_STRINGS = YES;
				SWIFT_STRICT_CONCURRENCY = complete;
				SWIFT_VERSION = 6.0;
				TARGETED_DEVICE_FAMILY = "1,2";
			};
			name = Debug;
		};
		E8EB2A8B2CE063A9000E4B67 /* Release */ = {
			isa = XCBuildConfiguration;
			buildSettings = {
				ASSETCATALOG_COMPILER_APPICON_NAME = AppIcon;
				ASSETCATALOG_COMPILER_GLOBAL_ACCENT_COLOR_NAME = AccentColor;
				CODE_SIGN_ENTITLEMENTS = AegisTracker/AegisTracker.entitlements;
				CODE_SIGN_IDENTITY = "Apple Development";
				CODE_SIGN_STYLE = Automatic;
				CURRENT_PROJECT_VERSION = 1;
				DEVELOPMENT_ASSET_PATHS = "\"AegisTracker/Preview Content\"";
				DEVELOPMENT_TEAM = FU2B76F7PF;
				ENABLE_PREVIEWS = YES;
				GENERATE_INFOPLIST_FILE = YES;
				INFOPLIST_FILE = AegisTracker/Info.plist;
				INFOPLIST_KEY_CFBundleDisplayName = Aegis;
				INFOPLIST_KEY_LSApplicationCategoryType = "public.app-category.finance";
				INFOPLIST_KEY_UIApplicationSceneManifest_Generation = YES;
				INFOPLIST_KEY_UIApplicationSupportsIndirectInputEvents = YES;
				INFOPLIST_KEY_UILaunchScreen_Generation = YES;
				INFOPLIST_KEY_UISupportedInterfaceOrientations = UIInterfaceOrientationPortrait;
				INFOPLIST_KEY_UISupportedInterfaceOrientations_iPad = "UIInterfaceOrientationLandscapeLeft UIInterfaceOrientationLandscapeRight UIInterfaceOrientationPortrait UIInterfaceOrientationPortraitUpsideDown";
				IPHONEOS_DEPLOYMENT_TARGET = 18.0;
				LD_RUNPATH_SEARCH_PATHS = (
					"$(inherited)",
					"@executable_path/Frameworks",
				);
				MARKETING_VERSION = 0.1.0;
				PRODUCT_BUNDLE_IDENTIFIER = com.wassynger.AegisTracker;
				PRODUCT_NAME = "$(TARGET_NAME)";
				PROVISIONING_PROFILE_SPECIFIER = "";
				SWIFT_EMIT_LOC_STRINGS = YES;
				SWIFT_STRICT_CONCURRENCY = complete;
				SWIFT_VERSION = 6.0;
				TARGETED_DEVICE_FAMILY = "1,2";
			};
			name = Release;
		};
		E8EB2A8D2CE063A9000E4B67 /* Debug */ = {
			isa = XCBuildConfiguration;
			buildSettings = {
				BUNDLE_LOADER = "$(TEST_HOST)";
				CODE_SIGN_STYLE = Automatic;
				CURRENT_PROJECT_VERSION = 1;
				DEVELOPMENT_TEAM = FU2B76F7PF;
				GENERATE_INFOPLIST_FILE = YES;
				IPHONEOS_DEPLOYMENT_TARGET = 17.5;
				MARKETING_VERSION = 1.0;
				PRODUCT_BUNDLE_IDENTIFIER = com.wassynger.AegisTests;
				PRODUCT_NAME = "$(TARGET_NAME)";
				SWIFT_EMIT_LOC_STRINGS = NO;
				SWIFT_VERSION = 5.0;
				TARGETED_DEVICE_FAMILY = "1,2";
				TEST_HOST = "$(BUILT_PRODUCTS_DIR)/AegisTracker.app/$(BUNDLE_EXECUTABLE_FOLDER_PATH)/AegisTracker";
			};
			name = Debug;
		};
		E8EB2A8E2CE063A9000E4B67 /* Release */ = {
			isa = XCBuildConfiguration;
			buildSettings = {
				BUNDLE_LOADER = "$(TEST_HOST)";
				CODE_SIGN_STYLE = Automatic;
				CURRENT_PROJECT_VERSION = 1;
				DEVELOPMENT_TEAM = FU2B76F7PF;
				GENERATE_INFOPLIST_FILE = YES;
				IPHONEOS_DEPLOYMENT_TARGET = 17.5;
				MARKETING_VERSION = 1.0;
				PRODUCT_BUNDLE_IDENTIFIER = com.wassynger.AegisTests;
				PRODUCT_NAME = "$(TARGET_NAME)";
				SWIFT_EMIT_LOC_STRINGS = NO;
				SWIFT_VERSION = 5.0;
				TARGETED_DEVICE_FAMILY = "1,2";
				TEST_HOST = "$(BUILT_PRODUCTS_DIR)/AegisTracker.app/$(BUNDLE_EXECUTABLE_FOLDER_PATH)/AegisTracker";
			};
			name = Release;
		};
		E8EB2A902CE063A9000E4B67 /* Debug */ = {
			isa = XCBuildConfiguration;
			buildSettings = {
				CODE_SIGN_STYLE = Automatic;
				CURRENT_PROJECT_VERSION = 1;
				DEVELOPMENT_TEAM = FU2B76F7PF;
				GENERATE_INFOPLIST_FILE = YES;
				MARKETING_VERSION = 1.0;
				PRODUCT_BUNDLE_IDENTIFIER = com.wassynger.AegisUITests;
				PRODUCT_NAME = "$(TARGET_NAME)";
				SWIFT_EMIT_LOC_STRINGS = NO;
				SWIFT_VERSION = 5.0;
				TARGETED_DEVICE_FAMILY = "1,2";
				TEST_TARGET_NAME = Aegis;
			};
			name = Debug;
		};
		E8EB2A912CE063A9000E4B67 /* Release */ = {
			isa = XCBuildConfiguration;
			buildSettings = {
				CODE_SIGN_STYLE = Automatic;
				CURRENT_PROJECT_VERSION = 1;
				DEVELOPMENT_TEAM = FU2B76F7PF;
				GENERATE_INFOPLIST_FILE = YES;
				MARKETING_VERSION = 1.0;
				PRODUCT_BUNDLE_IDENTIFIER = com.wassynger.AegisUITests;
				PRODUCT_NAME = "$(TARGET_NAME)";
				SWIFT_EMIT_LOC_STRINGS = NO;
				SWIFT_VERSION = 5.0;
				TARGETED_DEVICE_FAMILY = "1,2";
				TEST_TARGET_NAME = Aegis;
			};
			name = Release;
		};
/* End XCBuildConfiguration section */

/* Begin XCConfigurationList section */
		E8EB2A5E2CE063A7000E4B67 /* Build configuration list for PBXProject "AegisTracker" */ = {
			isa = XCConfigurationList;
			buildConfigurations = (
				E8EB2A872CE063A9000E4B67 /* Debug */,
				E8EB2A882CE063A9000E4B67 /* Release */,
			);
			defaultConfigurationIsVisible = 0;
			defaultConfigurationName = Release;
		};
		E8EB2A892CE063A9000E4B67 /* Build configuration list for PBXNativeTarget "AegisTracker" */ = {
			isa = XCConfigurationList;
			buildConfigurations = (
				E8EB2A8A2CE063A9000E4B67 /* Debug */,
				E8EB2A8B2CE063A9000E4B67 /* Release */,
			);
			defaultConfigurationIsVisible = 0;
			defaultConfigurationName = Release;
		};
		E8EB2A8C2CE063A9000E4B67 /* Build configuration list for PBXNativeTarget "AegisTrackerTests" */ = {
			isa = XCConfigurationList;
			buildConfigurations = (
				E8EB2A8D2CE063A9000E4B67 /* Debug */,
				E8EB2A8E2CE063A9000E4B67 /* Release */,
			);
			defaultConfigurationIsVisible = 0;
			defaultConfigurationName = Release;
		};
		E8EB2A8F2CE063A9000E4B67 /* Build configuration list for PBXNativeTarget "AegisTrackerUITests" */ = {
			isa = XCConfigurationList;
			buildConfigurations = (
				E8EB2A902CE063A9000E4B67 /* Debug */,
				E8EB2A912CE063A9000E4B67 /* Release */,
			);
			defaultConfigurationIsVisible = 0;
			defaultConfigurationName = Release;
		};
/* End XCConfigurationList section */
	};
	rootObject = E8EB2A5B2CE063A7000E4B67 /* Project object */;
}
